// !$*UTF8*$!
{
	archiveVersion = 1;
	classes = {
	};
	objectVersion = 55;
	objects = {

/* Begin PBXBuildFile section */
		AA5224F02BB1642D0090ADE9 /* AppDelegate.swift in Sources */ = {isa = PBXBuildFile; fileRef = AA5224EF2BB1642D0090ADE9 /* AppDelegate.swift */; };
		AA5224F22BB1642D0090ADE9 /* SceneDelegate.swift in Sources */ = {isa = PBXBuildFile; fileRef = AA5224F12BB1642D0090ADE9 /* SceneDelegate.swift */; };
		AA5224F42BB1642D0090ADE9 /* ViewController.swift in Sources */ = {isa = PBXBuildFile; fileRef = AA5224F32BB1642D0090ADE9 /* ViewController.swift */; };
		AA5224F72BB1642D0090ADE9 /* Main.storyboard in Resources */ = {isa = PBXBuildFile; fileRef = AA5224F52BB1642D0090ADE9 /* Main.storyboard */; };
		AA5224F92BB164320090ADE9 /* Assets.xcassets in Resources */ = {isa = PBXBuildFile; fileRef = AA5224F82BB164320090ADE9 /* Assets.xcassets */; };
		AA5224FC2BB164320090ADE9 /* LaunchScreen.storyboard in Resources */ = {isa = PBXBuildFile; fileRef = AA5224FA2BB164320090ADE9 /* LaunchScreen.storyboard */; };
		AA5225072BB164320090ADE9 /* DYZBTests.swift in Sources */ = {isa = PBXBuildFile; fileRef = AA5225062BB164320090ADE9 /* DYZBTests.swift */; };
		AA5225112BB164330090ADE9 /* DYZBUITests.swift in Sources */ = {isa = PBXBuildFile; fileRef = AA5225102BB164330090ADE9 /* DYZBUITests.swift */; };
		AA5225132BB164330090ADE9 /* DYZBUITestsLaunchTests.swift in Sources */ = {isa = PBXBuildFile; fileRef = AA5225122BB164330090ADE9 /* DYZBUITestsLaunchTests.swift */; };
		AA5225272BB1B6C40090ADE9 /* Home.storyboard in Resources */ = {isa = PBXBuildFile; fileRef = AA5225252BB1B6C30090ADE9 /* Home.storyboard */; };
		AA5225292BB1B71E0090ADE9 /* Live.storyboard in Resources */ = {isa = PBXBuildFile; fileRef = AA5225282BB1B71E0090ADE9 /* Live.storyboard */; };
		AA52252C2BB1B7620090ADE9 /* Follow.storyboard in Resources */ = {isa = PBXBuildFile; fileRef = AA52252A2BB1B7620090ADE9 /* Follow.storyboard */; };
		AA52252E2BB1B7820090ADE9 /* Mine.storyboard in Resources */ = {isa = PBXBuildFile; fileRef = AA52252D2BB1B7820090ADE9 /* Mine.storyboard */; };
		AA5225302BB1BB760090ADE9 /* MainViewController.swift in Sources */ = {isa = PBXBuildFile; fileRef = AA52252F2BB1BB760090ADE9 /* MainViewController.swift */; };
		AA9621A62BB2A87F005FC67E /* HomeVC.swift in Sources */ = {isa = PBXBuildFile; fileRef = AA9621A52BB2A87F005FC67E /* HomeVC.swift */; };
		AA9621A92BB2B2B8005FC67E /* UIBarButtonItem-Extension.swift in Sources */ = {isa = PBXBuildFile; fileRef = AA9621A82BB2B2B8005FC67E /* UIBarButtonItem-Extension.swift */; };
		AA9621AB2BB2B9EA005FC67E /* PageTitleView.swift in Sources */ = {isa = PBXBuildFile; fileRef = AA9621AA2BB2B9EA005FC67E /* PageTitleView.swift */; };
		AA9621AD2BB2BBC8005FC67E /* Common.swift in Sources */ = {isa = PBXBuildFile; fileRef = AA9621AC2BB2BBC8005FC67E /* Common.swift */; };
		AA9621AF2BB2CE5D005FC67E /* PageContentView.swift in Sources */ = {isa = PBXBuildFile; fileRef = AA9621AE2BB2CE5D005FC67E /* PageContentView.swift */; };
/* End PBXBuildFile section */

/* Begin PBXContainerItemProxy section */
		AA5225032BB164320090ADE9 /* PBXContainerItemProxy */ = {
			isa = PBXContainerItemProxy;
			containerPortal = AA5224E42BB1642D0090ADE9 /* Project object */;
			proxyType = 1;
			remoteGlobalIDString = AA5224EB2BB1642D0090ADE9;
			remoteInfo = DYZB;
		};
		AA52250D2BB164330090ADE9 /* PBXContainerItemProxy */ = {
			isa = PBXContainerItemProxy;
			containerPortal = AA5224E42BB1642D0090ADE9 /* Project object */;
			proxyType = 1;
			remoteGlobalIDString = AA5224EB2BB1642D0090ADE9;
			remoteInfo = DYZB;
		};
/* End PBXContainerItemProxy section */

/* Begin PBXFileReference section */
		AA5224EC2BB1642D0090ADE9 /* DYZB.app */ = {isa = PBXFileReference; explicitFileType = wrapper.application; includeInIndex = 0; path = DYZB.app; sourceTree = BUILT_PRODUCTS_DIR; };
		AA5224EF2BB1642D0090ADE9 /* AppDelegate.swift */ = {isa = PBXFileReference; lastKnownFileType = sourcecode.swift; path = AppDelegate.swift; sourceTree = "<group>"; };
		AA5224F12BB1642D0090ADE9 /* SceneDelegate.swift */ = {isa = PBXFileReference; lastKnownFileType = sourcecode.swift; path = SceneDelegate.swift; sourceTree = "<group>"; };
		AA5224F32BB1642D0090ADE9 /* ViewController.swift */ = {isa = PBXFileReference; lastKnownFileType = sourcecode.swift; path = ViewController.swift; sourceTree = "<group>"; };
		AA5224F62BB1642D0090ADE9 /* Base */ = {isa = PBXFileReference; lastKnownFileType = file.storyboard; name = Base; path = Base.lproj/Main.storyboard; sourceTree = "<group>"; };
		AA5224F82BB164320090ADE9 /* Assets.xcassets */ = {isa = PBXFileReference; lastKnownFileType = folder.assetcatalog; path = Assets.xcassets; sourceTree = "<group>"; };
		AA5224FB2BB164320090ADE9 /* Base */ = {isa = PBXFileReference; lastKnownFileType = file.storyboard; name = Base; path = Base.lproj/LaunchScreen.storyboard; sourceTree = "<group>"; };
		AA5224FD2BB164320090ADE9 /* Info.plist */ = {isa = PBXFileReference; lastKnownFileType = text.plist.xml; path = Info.plist; sourceTree = "<group>"; };
		AA5225022BB164320090ADE9 /* DYZBTests.xctest */ = {isa = PBXFileReference; explicitFileType = wrapper.cfbundle; includeInIndex = 0; path = DYZBTests.xctest; sourceTree = BUILT_PRODUCTS_DIR; };
		AA5225062BB164320090ADE9 /* DYZBTests.swift */ = {isa = PBXFileReference; lastKnownFileType = sourcecode.swift; path = DYZBTests.swift; sourceTree = "<group>"; };
		AA52250C2BB164330090ADE9 /* DYZBUITests.xctest */ = {isa = PBXFileReference; explicitFileType = wrapper.cfbundle; includeInIndex = 0; path = DYZBUITests.xctest; sourceTree = BUILT_PRODUCTS_DIR; };
		AA5225102BB164330090ADE9 /* DYZBUITests.swift */ = {isa = PBXFileReference; lastKnownFileType = sourcecode.swift; path = DYZBUITests.swift; sourceTree = "<group>"; };
		AA5225122BB164330090ADE9 /* DYZBUITestsLaunchTests.swift */ = {isa = PBXFileReference; lastKnownFileType = sourcecode.swift; path = DYZBUITestsLaunchTests.swift; sourceTree = "<group>"; };
		AA5225262BB1B6C40090ADE9 /* Base */ = {isa = PBXFileReference; lastKnownFileType = file.storyboard; name = Base; path = DYZB/Base.lproj/Home.storyboard; sourceTree = "<group>"; };
		AA5225282BB1B71E0090ADE9 /* Live.storyboard */ = {isa = PBXFileReference; fileEncoding = 4; lastKnownFileType = file.storyboard; path = Live.storyboard; sourceTree = "<group>"; };
		AA52252B2BB1B7620090ADE9 /* Base */ = {isa = PBXFileReference; lastKnownFileType = file.storyboard; name = Base; path = DYZB/Base.lproj/Follow.storyboard; sourceTree = "<group>"; };
		AA52252D2BB1B7820090ADE9 /* Mine.storyboard */ = {isa = PBXFileReference; fileEncoding = 4; lastKnownFileType = file.storyboard; path = Mine.storyboard; sourceTree = "<group>"; };
		AA52252F2BB1BB760090ADE9 /* MainViewController.swift */ = {isa = PBXFileReference; lastKnownFileType = sourcecode.swift; path = MainViewController.swift; sourceTree = "<group>"; };
		AA9621A52BB2A87F005FC67E /* HomeVC.swift */ = {isa = PBXFileReference; lastKnownFileType = sourcecode.swift; path = HomeVC.swift; sourceTree = "<group>"; };
		AA9621A82BB2B2B8005FC67E /* UIBarButtonItem-Extension.swift */ = {isa = PBXFileReference; lastKnownFileType = sourcecode.swift; path = "UIBarButtonItem-Extension.swift"; sourceTree = "<group>"; };
		AA9621AA2BB2B9EA005FC67E /* PageTitleView.swift */ = {isa = PBXFileReference; lastKnownFileType = sourcecode.swift; path = PageTitleView.swift; sourceTree = "<group>"; };
		AA9621AC2BB2BBC8005FC67E /* Common.swift */ = {isa = PBXFileReference; lastKnownFileType = sourcecode.swift; path = Common.swift; sourceTree = "<group>"; };
		AA9621AE2BB2CE5D005FC67E /* PageContentView.swift */ = {isa = PBXFileReference; lastKnownFileType = sourcecode.swift; path = PageContentView.swift; sourceTree = "<group>"; };
/* End PBXFileReference section */

/* Begin PBXFrameworksBuildPhase section */
		AA5224E92BB1642D0090ADE9 /* Frameworks */ = {
			isa = PBXFrameworksBuildPhase;
			buildActionMask = 2147483647;
			files = (
			);
			runOnlyForDeploymentPostprocessing = 0;
		};
		AA5224FF2BB164320090ADE9 /* Frameworks */ = {
			isa = PBXFrameworksBuildPhase;
			buildActionMask = 2147483647;
			files = (
			);
			runOnlyForDeploymentPostprocessing = 0;
		};
		AA5225092BB164330090ADE9 /* Frameworks */ = {
			isa = PBXFrameworksBuildPhase;
			buildActionMask = 2147483647;
			files = (
			);
			runOnlyForDeploymentPostprocessing = 0;
		};
/* End PBXFrameworksBuildPhase section */

/* Begin PBXGroup section */
		AA5224E32BB1642D0090ADE9 = {
			isa = PBXGroup;
			children = (
				AA52252D2BB1B7820090ADE9 /* Mine.storyboard */,
				AA5224EE2BB1642D0090ADE9 /* DYZB */,
				AA5225052BB164320090ADE9 /* DYZBTests */,
				AA52250F2BB164330090ADE9 /* DYZBUITests */,
				AA5224ED2BB1642D0090ADE9 /* Products */,
			);
			sourceTree = "<group>";
		};
		AA5224ED2BB1642D0090ADE9 /* Products */ = {
			isa = PBXGroup;
			children = (
				AA5224EC2BB1642D0090ADE9 /* DYZB.app */,
				AA5225022BB164320090ADE9 /* DYZBTests.xctest */,
				AA52250C2BB164330090ADE9 /* DYZBUITests.xctest */,
			);
			name = Products;
			sourceTree = "<group>";
		};
		AA5224EE2BB1642D0090ADE9 /* DYZB */ = {
			isa = PBXGroup;
			children = (
				AA52251F2BB19A8B0090ADE9 /* Classes */,
				AA5224EF2BB1642D0090ADE9 /* AppDelegate.swift */,
				AA5224F12BB1642D0090ADE9 /* SceneDelegate.swift */,
				AA5224F32BB1642D0090ADE9 /* ViewController.swift */,
				AA5224F82BB164320090ADE9 /* Assets.xcassets */,
				AA5224FA2BB164320090ADE9 /* LaunchScreen.storyboard */,
				AA5224FD2BB164320090ADE9 /* Info.plist */,
			);
			path = DYZB;
			sourceTree = "<group>";
		};
		AA5225052BB164320090ADE9 /* DYZBTests */ = {
			isa = PBXGroup;
			children = (
				AA5225062BB164320090ADE9 /* DYZBTests.swift */,
			);
			path = DYZBTests;
			sourceTree = "<group>";
		};
		AA52250F2BB164330090ADE9 /* DYZBUITests */ = {
			isa = PBXGroup;
			children = (
				AA5225102BB164330090ADE9 /* DYZBUITests.swift */,
				AA5225122BB164330090ADE9 /* DYZBUITestsLaunchTests.swift */,
			);
			path = DYZBUITests;
			sourceTree = "<group>";
		};
		AA52251F2BB19A8B0090ADE9 /* Classes */ = {
			isa = PBXGroup;
			children = (
				AA5225242BB19AB90090ADE9 /* Tools */,
				AA5225202BB19A8B0090ADE9 /* Home */,
				AA5225212BB19A8B0090ADE9 /* Follow */,
				AA5225222BB19A8B0090ADE9 /* Live */,
				AA5225232BB19A8B0090ADE9 /* Main */,
			);
			path = Classes;
			sourceTree = "<group>";
		};
		AA5225202BB19A8B0090ADE9 /* Home */ = {
			isa = PBXGroup;
			children = (
				AA96219F2BB2A7EA005FC67E /* Controller */,
				AA9621A12BB2A82D005FC67E /* Model */,
				AA9621A02BB2A82D005FC67E /* View */,
				AA5225252BB1B6C30090ADE9 /* Home.storyboard */,
			);
			path = Home;
			sourceTree = "<group>";
		};
		AA5225212BB19A8B0090ADE9 /* Follow */ = {
			isa = PBXGroup;
			children = (
				AA52252A2BB1B7620090ADE9 /* Follow.storyboard */,
			);
			path = Follow;
			sourceTree = "<group>";
		};
		AA5225222BB19A8B0090ADE9 /* Live */ = {
			isa = PBXGroup;
			children = (
				AA5225282BB1B71E0090ADE9 /* Live.storyboard */,
			);
			path = Live;
			sourceTree = "<group>";
		};
		AA5225232BB19A8B0090ADE9 /* Main */ = {
			isa = PBXGroup;
			children = (
				AA9621A22BB2A858005FC67E /* Controller */,
				AA9621A32BB2A858005FC67E /* Model */,
				AA9621A42BB2A858005FC67E /* View */,
				AA5224F52BB1642D0090ADE9 /* Main.storyboard */,
				AA52252F2BB1BB760090ADE9 /* MainViewController.swift */,
			);
			path = Main;
			sourceTree = "<group>";
		};
		AA5225242BB19AB90090ADE9 /* Tools */ = {
			isa = PBXGroup;
			children = (
				AA9621A72BB2B287005FC67E /* Extension */,
				AA9621AC2BB2BBC8005FC67E /* Common.swift */,
			);
			path = Tools;
			sourceTree = "<group>";
		};
		AA96219F2BB2A7EA005FC67E /* Controller */ = {
			isa = PBXGroup;
			children = (
				AA9621A52BB2A87F005FC67E /* HomeVC.swift */,
			);
			path = Controller;
			sourceTree = "<group>";
		};
		AA9621A02BB2A82D005FC67E /* View */ = {
			isa = PBXGroup;
			children = (
			);
			path = View;
			sourceTree = "<group>";
		};
		AA9621A12BB2A82D005FC67E /* Model */ = {
			isa = PBXGroup;
			children = (
			);
			path = Model;
			sourceTree = "<group>";
		};
		AA9621A22BB2A858005FC67E /* Controller */ = {
			isa = PBXGroup;
			children = (
			);
			path = Controller;
			sourceTree = "<group>";
		};
		AA9621A32BB2A858005FC67E /* Model */ = {
			isa = PBXGroup;
			children = (
			);
			path = Model;
			sourceTree = "<group>";
		};
		AA9621A42BB2A858005FC67E /* View */ = {
			isa = PBXGroup;
			children = (
				AA9621AA2BB2B9EA005FC67E /* PageTitleView.swift */,
				AA9621AE2BB2CE5D005FC67E /* PageContentView.swift */,
			);
			path = View;
			sourceTree = "<group>";
		};
		AA9621A72BB2B287005FC67E /* Extension */ = {
			isa = PBXGroup;
			children = (
				AA9621A82BB2B2B8005FC67E /* UIBarButtonItem-Extension.swift */,
			);
			path = Extension;
			sourceTree = "<group>";
		};
/* End PBXGroup section */

/* Begin PBXNativeTarget section */
		AA5224EB2BB1642D0090ADE9 /* DYZB */ = {
			isa = PBXNativeTarget;
			buildConfigurationList = AA5225162BB164330090ADE9 /* Build configuration list for PBXNativeTarget "DYZB" */;
			buildPhases = (
				AA5224E82BB1642D0090ADE9 /* Sources */,
				AA5224E92BB1642D0090ADE9 /* Frameworks */,
				AA5224EA2BB1642D0090ADE9 /* Resources */,
			);
			buildRules = (
			);
			dependencies = (
			);
			name = DYZB;
			productName = DYZB;
			productReference = AA5224EC2BB1642D0090ADE9 /* DYZB.app */;
			productType = "com.apple.product-type.application";
		};
		AA5225012BB164320090ADE9 /* DYZBTests */ = {
			isa = PBXNativeTarget;
			buildConfigurationList = AA5225192BB164330090ADE9 /* Build configuration list for PBXNativeTarget "DYZBTests" */;
			buildPhases = (
				AA5224FE2BB164320090ADE9 /* Sources */,
				AA5224FF2BB164320090ADE9 /* Frameworks */,
				AA5225002BB164320090ADE9 /* Resources */,
			);
			buildRules = (
			);
			dependencies = (
				AA5225042BB164320090ADE9 /* PBXTargetDependency */,
			);
			name = DYZBTests;
			productName = DYZBTests;
			productReference = AA5225022BB164320090ADE9 /* DYZBTests.xctest */;
			productType = "com.apple.product-type.bundle.unit-test";
		};
		AA52250B2BB164330090ADE9 /* DYZBUITests */ = {
			isa = PBXNativeTarget;
			buildConfigurationList = AA52251C2BB164330090ADE9 /* Build configuration list for PBXNativeTarget "DYZBUITests" */;
			buildPhases = (
				AA5225082BB164330090ADE9 /* Sources */,
				AA5225092BB164330090ADE9 /* Frameworks */,
				AA52250A2BB164330090ADE9 /* Resources */,
			);
			buildRules = (
			);
			dependencies = (
				AA52250E2BB164330090ADE9 /* PBXTargetDependency */,
			);
			name = DYZBUITests;
			productName = DYZBUITests;
			productReference = AA52250C2BB164330090ADE9 /* DYZBUITests.xctest */;
			productType = "com.apple.product-type.bundle.ui-testing";
		};
/* End PBXNativeTarget section */

/* Begin PBXProject section */
		AA5224E42BB1642D0090ADE9 /* Project object */ = {
			isa = PBXProject;
			attributes = {
				BuildIndependentTargetsInParallel = 1;
				LastSwiftUpdateCheck = 1300;
				LastUpgradeCheck = 1300;
				TargetAttributes = {
					AA5224EB2BB1642D0090ADE9 = {
						CreatedOnToolsVersion = 13.0;
					};
					AA5225012BB164320090ADE9 = {
						CreatedOnToolsVersion = 13.0;
						TestTargetID = AA5224EB2BB1642D0090ADE9;
					};
					AA52250B2BB164330090ADE9 = {
						CreatedOnToolsVersion = 13.0;
						TestTargetID = AA5224EB2BB1642D0090ADE9;
					};
				};
			};
			buildConfigurationList = AA5224E72BB1642D0090ADE9 /* Build configuration list for PBXProject "DYZB" */;
			compatibilityVersion = "Xcode 13.0";
			developmentRegion = en;
			hasScannedForEncodings = 0;
			knownRegions = (
				en,
				Base,
			);
			mainGroup = AA5224E32BB1642D0090ADE9;
			productRefGroup = AA5224ED2BB1642D0090ADE9 /* Products */;
			projectDirPath = "";
			projectRoot = "";
			targets = (
				AA5224EB2BB1642D0090ADE9 /* DYZB */,
				AA5225012BB164320090ADE9 /* DYZBTests */,
				AA52250B2BB164330090ADE9 /* DYZBUITests */,
			);
		};
/* End PBXProject section */

/* Begin PBXResourcesBuildPhase section */
		AA5224EA2BB1642D0090ADE9 /* Resources */ = {
			isa = PBXResourcesBuildPhase;
			buildActionMask = 2147483647;
			files = (
				AA5224FC2BB164320090ADE9 /* LaunchScreen.storyboard in Resources */,
				AA5224F92BB164320090ADE9 /* Assets.xcassets in Resources */,
				AA5224F72BB1642D0090ADE9 /* Main.storyboard in Resources */,
				AA5225292BB1B71E0090ADE9 /* Live.storyboard in Resources */,
				AA52252E2BB1B7820090ADE9 /* Mine.storyboard in Resources */,
				AA5225272BB1B6C40090ADE9 /* Home.storyboard in Resources */,
				AA52252C2BB1B7620090ADE9 /* Follow.storyboard in Resources */,
			);
			runOnlyForDeploymentPostprocessing = 0;
		};
		AA5225002BB164320090ADE9 /* Resources */ = {
			isa = PBXResourcesBuildPhase;
			buildActionMask = 2147483647;
			files = (
			);
			runOnlyForDeploymentPostprocessing = 0;
		};
		AA52250A2BB164330090ADE9 /* Resources */ = {
			isa = PBXResourcesBuildPhase;
			buildActionMask = 2147483647;
			files = (
			);
			runOnlyForDeploymentPostprocessing = 0;
		};
/* End PBXResourcesBuildPhase section */

/* Begin PBXSourcesBuildPhase section */
		AA5224E82BB1642D0090ADE9 /* Sources */ = {
			isa = PBXSourcesBuildPhase;
			buildActionMask = 2147483647;
			files = (
				AA9621AD2BB2BBC8005FC67E /* Common.swift in Sources */,
				AA9621AF2BB2CE5D005FC67E /* PageContentView.swift in Sources */,
				AA5224F42BB1642D0090ADE9 /* ViewController.swift in Sources */,
				AA9621AB2BB2B9EA005FC67E /* PageTitleView.swift in Sources */,
				AA9621A62BB2A87F005FC67E /* HomeVC.swift in Sources */,
				AA9621A92BB2B2B8005FC67E /* UIBarButtonItem-Extension.swift in Sources */,
				AA5224F02BB1642D0090ADE9 /* AppDelegate.swift in Sources */,
				AA5224F22BB1642D0090ADE9 /* SceneDelegate.swift in Sources */,
				AA5225302BB1BB760090ADE9 /* MainViewController.swift in Sources */,
			);
			runOnlyForDeploymentPostprocessing = 0;
		};
		AA5224FE2BB164320090ADE9 /* Sources */ = {
			isa = PBXSourcesBuildPhase;
			buildActionMask = 2147483647;
			files = (
				AA5225072BB164320090ADE9 /* DYZBTests.swift in Sources */,
			);
			runOnlyForDeploymentPostprocessing = 0;
		};
		AA5225082BB164330090ADE9 /* Sources */ = {
			isa = PBXSourcesBuildPhase;
			buildActionMask = 2147483647;
			files = (
				AA5225112BB164330090ADE9 /* DYZBUITests.swift in Sources */,
				AA5225132BB164330090ADE9 /* DYZBUITestsLaunchTests.swift in Sources */,
			);
			runOnlyForDeploymentPostprocessing = 0;
		};
/* End PBXSourcesBuildPhase section */

/* Begin PBXTargetDependency section */
		AA5225042BB164320090ADE9 /* PBXTargetDependency */ = {
			isa = PBXTargetDependency;
			target = AA5224EB2BB1642D0090ADE9 /* DYZB */;
			targetProxy = AA5225032BB164320090ADE9 /* PBXContainerItemProxy */;
		};
		AA52250E2BB164330090ADE9 /* PBXTargetDependency */ = {
			isa = PBXTargetDependency;
			target = AA5224EB2BB1642D0090ADE9 /* DYZB */;
			targetProxy = AA52250D2BB164330090ADE9 /* PBXContainerItemProxy */;
		};
/* End PBXTargetDependency section */

/* Begin PBXVariantGroup section */
		AA5224F52BB1642D0090ADE9 /* Main.storyboard */ = {
			isa = PBXVariantGroup;
			children = (
				AA5224F62BB1642D0090ADE9 /* Base */,
			);
			name = Main.storyboard;
			sourceTree = "<group>";
		};
		AA5224FA2BB164320090ADE9 /* LaunchScreen.storyboard */ = {
			isa = PBXVariantGroup;
			children = (
				AA5224FB2BB164320090ADE9 /* Base */,
			);
			name = LaunchScreen.storyboard;
			sourceTree = "<group>";
		};
		AA5225252BB1B6C30090ADE9 /* Home.storyboard */ = {
			isa = PBXVariantGroup;
			children = (
				AA5225262BB1B6C40090ADE9 /* Base */,
			);
			name = Home.storyboard;
			sourceTree = "<group>";
		};
		AA52252A2BB1B7620090ADE9 /* Follow.storyboard */ = {
			isa = PBXVariantGroup;
			children = (
				AA52252B2BB1B7620090ADE9 /* Base */,
			);
			name = Follow.storyboard;
			sourceTree = "<group>";
		};
/* End PBXVariantGroup section */

/* Begin XCBuildConfiguration section */
		AA5225142BB164330090ADE9 /* Debug */ = {
			isa = XCBuildConfiguration;
			buildSettings = {
				ALWAYS_SEARCH_USER_PATHS = NO;
				CLANG_ANALYZER_NONNULL = YES;
				CLANG_ANALYZER_NUMBER_OBJECT_CONVERSION = YES_AGGRESSIVE;
				CLANG_CXX_LANGUAGE_STANDARD = "gnu++17";
				CLANG_CXX_LIBRARY = "libc++";
				CLANG_ENABLE_MODULES = YES;
				CLANG_ENABLE_OBJC_ARC = YES;
				CLANG_ENABLE_OBJC_WEAK = YES;
				CLANG_WARN_BLOCK_CAPTURE_AUTORELEASING = YES;
				CLANG_WARN_BOOL_CONVERSION = YES;
				CLANG_WARN_COMMA = YES;
				CLANG_WARN_CONSTANT_CONVERSION = YES;
				CLANG_WARN_DEPRECATED_OBJC_IMPLEMENTATIONS = YES;
				CLANG_WARN_DIRECT_OBJC_ISA_USAGE = YES_ERROR;
				CLANG_WARN_DOCUMENTATION_COMMENTS = YES;
				CLANG_WARN_EMPTY_BODY = YES;
				CLANG_WARN_ENUM_CONVERSION = YES;
				CLANG_WARN_INFINITE_RECURSION = YES;
				CLANG_WARN_INT_CONVERSION = YES;
				CLANG_WARN_NON_LITERAL_NULL_CONVERSION = YES;
				CLANG_WARN_OBJC_IMPLICIT_RETAIN_SELF = YES;
				CLANG_WARN_OBJC_LITERAL_CONVERSION = YES;
				CLANG_WARN_OBJC_ROOT_CLASS = YES_ERROR;
				CLANG_WARN_QUOTED_INCLUDE_IN_FRAMEWORK_HEADER = YES;
				CLANG_WARN_RANGE_LOOP_ANALYSIS = YES;
				CLANG_WARN_STRICT_PROTOTYPES = YES;
				CLANG_WARN_SUSPICIOUS_MOVE = YES;
				CLANG_WARN_UNGUARDED_AVAILABILITY = YES_AGGRESSIVE;
				CLANG_WARN_UNREACHABLE_CODE = YES;
				CLANG_WARN__DUPLICATE_METHOD_MATCH = YES;
				COPY_PHASE_STRIP = NO;
				DEBUG_INFORMATION_FORMAT = dwarf;
				ENABLE_STRICT_OBJC_MSGSEND = YES;
				ENABLE_TESTABILITY = YES;
				GCC_C_LANGUAGE_STANDARD = gnu11;
				GCC_DYNAMIC_NO_PIC = NO;
				GCC_NO_COMMON_BLOCKS = YES;
				GCC_OPTIMIZATION_LEVEL = 0;
				GCC_PREPROCESSOR_DEFINITIONS = (
					"DEBUG=1",
					"$(inherited)",
				);
				GCC_WARN_64_TO_32_BIT_CONVERSION = YES;
				GCC_WARN_ABOUT_RETURN_TYPE = YES_ERROR;
				GCC_WARN_UNDECLARED_SELECTOR = YES;
				GCC_WARN_UNINITIALIZED_AUTOS = YES_AGGRESSIVE;
				GCC_WARN_UNUSED_FUNCTION = YES;
				GCC_WARN_UNUSED_VARIABLE = YES;
				IPHONEOS_DEPLOYMENT_TARGET = 15.0;
				MTL_ENABLE_DEBUG_INFO = INCLUDE_SOURCE;
				MTL_FAST_MATH = YES;
				ONLY_ACTIVE_ARCH = YES;
				SDKROOT = iphoneos;
				SWIFT_ACTIVE_COMPILATION_CONDITIONS = DEBUG;
				SWIFT_OPTIMIZATION_LEVEL = "-Onone";
			};
			name = Debug;
		};
		AA5225152BB164330090ADE9 /* Release */ = {
			isa = XCBuildConfiguration;
			buildSettings = {
				ALWAYS_SEARCH_USER_PATHS = NO;
				CLANG_ANALYZER_NONNULL = YES;
				CLANG_ANALYZER_NUMBER_OBJECT_CONVERSION = YES_AGGRESSIVE;
				CLANG_CXX_LANGUAGE_STANDARD = "gnu++17";
				CLANG_CXX_LIBRARY = "libc++";
				CLANG_ENABLE_MODULES = YES;
				CLANG_ENABLE_OBJC_ARC = YES;
				CLANG_ENABLE_OBJC_WEAK = YES;
				CLANG_WARN_BLOCK_CAPTURE_AUTORELEASING = YES;
				CLANG_WARN_BOOL_CONVERSION = YES;
				CLANG_WARN_COMMA = YES;
				CLANG_WARN_CONSTANT_CONVERSION = YES;
				CLANG_WARN_DEPRECATED_OBJC_IMPLEMENTATIONS = YES;
				CLANG_WARN_DIRECT_OBJC_ISA_USAGE = YES_ERROR;
				CLANG_WARN_DOCUMENTATION_COMMENTS = YES;
				CLANG_WARN_EMPTY_BODY = YES;
				CLANG_WARN_ENUM_CONVERSION = YES;
				CLANG_WARN_INFINITE_RECURSION = YES;
				CLANG_WARN_INT_CONVERSION = YES;
				CLANG_WARN_NON_LITERAL_NULL_CONVERSION = YES;
				CLANG_WARN_OBJC_IMPLICIT_RETAIN_SELF = YES;
				CLANG_WARN_OBJC_LITERAL_CONVERSION = YES;
				CLANG_WARN_OBJC_ROOT_CLASS = YES_ERROR;
				CLANG_WARN_QUOTED_INCLUDE_IN_FRAMEWORK_HEADER = YES;
				CLANG_WARN_RANGE_LOOP_ANALYSIS = YES;
				CLANG_WARN_STRICT_PROTOTYPES = YES;
				CLANG_WARN_SUSPICIOUS_MOVE = YES;
				CLANG_WARN_UNGUARDED_AVAILABILITY = YES_AGGRESSIVE;
				CLANG_WARN_UNREACHABLE_CODE = YES;
				CLANG_WARN__DUPLICATE_METHOD_MATCH = YES;
				COPY_PHASE_STRIP = NO;
				DEBUG_INFORMATION_FORMAT = "dwarf-with-dsym";
				ENABLE_NS_ASSERTIONS = NO;
				ENABLE_STRICT_OBJC_MSGSEND = YES;
				GCC_C_LANGUAGE_STANDARD = gnu11;
				GCC_NO_COMMON_BLOCKS = YES;
				GCC_WARN_64_TO_32_BIT_CONVERSION = YES;
				GCC_WARN_ABOUT_RETURN_TYPE = YES_ERROR;
				GCC_WARN_UNDECLARED_SELECTOR = YES;
				GCC_WARN_UNINITIALIZED_AUTOS = YES_AGGRESSIVE;
				GCC_WARN_UNUSED_FUNCTION = YES;
				GCC_WARN_UNUSED_VARIABLE = YES;
				IPHONEOS_DEPLOYMENT_TARGET = 15.0;
				MTL_ENABLE_DEBUG_INFO = NO;
				MTL_FAST_MATH = YES;
				SDKROOT = iphoneos;
				SWIFT_COMPILATION_MODE = wholemodule;
				SWIFT_OPTIMIZATION_LEVEL = "-O";
				VALIDATE_PRODUCT = YES;
			};
			name = Release;
		};
		AA5225172BB164330090ADE9 /* Debug */ = {
			isa = XCBuildConfiguration;
			buildSettings = {
				ASSETCATALOG_COMPILER_APPICON_NAME = AppIcon;
				ASSETCATALOG_COMPILER_GLOBAL_ACCENT_COLOR_NAME = AccentColor;
				CODE_SIGN_STYLE = Automatic;
				CURRENT_PROJECT_VERSION = 1;
				DEVELOPMENT_TEAM = M2Q6NU3N5F;
				GENERATE_INFOPLIST_FILE = YES;
				INFOPLIST_FILE = DYZB/Info.plist;
				INFOPLIST_KEY_UIApplicationSupportsIndirectInputEvents = YES;
				INFOPLIST_KEY_UILaunchStoryboardName = LaunchScreen;
				INFOPLIST_KEY_UIMainStoryboardFile = Main;
				INFOPLIST_KEY_UISupportedInterfaceOrientations_iPad = "UIInterfaceOrientationPortrait UIInterfaceOrientationPortraitUpsideDown UIInterfaceOrientationLandscapeLeft UIInterfaceOrientationLandscapeRight";
				INFOPLIST_KEY_UISupportedInterfaceOrientations_iPhone = "UIInterfaceOrientationPortrait UIInterfaceOrientationLandscapeLeft UIInterfaceOrientationLandscapeRight";
				IPHONEOS_DEPLOYMENT_TARGET = 13.0;
				LD_RUNPATH_SEARCH_PATHS = (
					"$(inherited)",
					"@executable_path/Frameworks",
				);
				MARKETING_VERSION = 1.0;
				PRODUCT_BUNDLE_IDENTIFIER = YN.DYZB;
				PRODUCT_NAME = "$(TARGET_NAME)";
				SWIFT_EMIT_LOC_STRINGS = YES;
				SWIFT_VERSION = 5.0;
				TARGETED_DEVICE_FAMILY = "1,2";
			};
			name = Debug;
		};
		AA5225182BB164330090ADE9 /* Release */ = {
			isa = XCBuildConfiguration;
			buildSettings = {
				ASSETCATALOG_COMPILER_APPICON_NAME = AppIcon;
				ASSETCATALOG_COMPILER_GLOBAL_ACCENT_COLOR_NAME = AccentColor;
				CODE_SIGN_STYLE = Automatic;
				CURRENT_PROJECT_VERSION = 1;
				DEVELOPMENT_TEAM = M2Q6NU3N5F;
				GENERATE_INFOPLIST_FILE = YES;
				INFOPLIST_FILE = DYZB/Info.plist;
				INFOPLIST_KEY_UIApplicationSupportsIndirectInputEvents = YES;
				INFOPLIST_KEY_UILaunchStoryboardName = LaunchScreen;
				INFOPLIST_KEY_UIMainStoryboardFile = Main;
				INFOPLIST_KEY_UISupportedInterfaceOrientations_iPad = "UIInterfaceOrientationPortrait UIInterfaceOrientationPortraitUpsideDown UIInterfaceOrientationLandscapeLeft UIInterfaceOrientationLandscapeRight";
				INFOPLIST_KEY_UISupportedInterfaceOrientations_iPhone = "UIInterfaceOrientationPortrait UIInterfaceOrientationLandscapeLeft UIInterfaceOrientationLandscapeRight";
				IPHONEOS_DEPLOYMENT_TARGET = 13.0;
				LD_RUNPATH_SEARCH_PATHS = (
					"$(inherited)",
					"@executable_path/Frameworks",
				);
				MARKETING_VERSION = 1.0;
				PRODUCT_BUNDLE_IDENTIFIER = YN.DYZB;
				PRODUCT_NAME = "$(TARGET_NAME)";
				SWIFT_EMIT_LOC_STRINGS = YES;
				SWIFT_VERSION = 5.0;
				TARGETED_DEVICE_FAMILY = "1,2";
			};
			name = Release;
		};
		AA52251A2BB164330090ADE9 /* Debug */ = {
			isa = XCBuildConfiguration;
			buildSettings = {
				ALWAYS_EMBED_SWIFT_STANDARD_LIBRARIES = YES;
				BUNDLE_LOADER = "$(TEST_HOST)";
				CODE_SIGN_STYLE = Automatic;
				CURRENT_PROJECT_VERSION = 1;
				DEVELOPMENT_TEAM = M2Q6NU3N5F;
				GENERATE_INFOPLIST_FILE = YES;
				IPHONEOS_DEPLOYMENT_TARGET = 15.0;
				LD_RUNPATH_SEARCH_PATHS = (
					"$(inherited)",
					"@executable_path/Frameworks",
					"@loader_path/Frameworks",
				);
				MARKETING_VERSION = 1.0;
				PRODUCT_BUNDLE_IDENTIFIER = YN.DYZBTests;
				PRODUCT_NAME = "$(TARGET_NAME)";
				SWIFT_EMIT_LOC_STRINGS = NO;
				SWIFT_VERSION = 5.0;
				TARGETED_DEVICE_FAMILY = "1,2";
				TEST_HOST = "$(BUILT_PRODUCTS_DIR)/DYZB.app/DYZB";
			};
			name = Debug;
		};
		AA52251B2BB164330090ADE9 /* Release */ = {
			isa = XCBuildConfiguration;
			buildSettings = {
				ALWAYS_EMBED_SWIFT_STANDARD_LIBRARIES = YES;
				BUNDLE_LOADER = "$(TEST_HOST)";
				CODE_SIGN_STYLE = Automatic;
				CURRENT_PROJECT_VERSION = 1;
				DEVELOPMENT_TEAM = M2Q6NU3N5F;
				GENERATE_INFOPLIST_FILE = YES;
				IPHONEOS_DEPLOYMENT_TARGET = 15.0;
				LD_RUNPATH_SEARCH_PATHS = (
					"$(inherited)",
					"@executable_path/Frameworks",
					"@loader_path/Frameworks",
				);
				MARKETING_VERSION = 1.0;
				PRODUCT_BUNDLE_IDENTIFIER = YN.DYZBTests;
				PRODUCT_NAME = "$(TARGET_NAME)";
				SWIFT_EMIT_LOC_STRINGS = NO;
				SWIFT_VERSION = 5.0;
				TARGETED_DEVICE_FAMILY = "1,2";
				TEST_HOST = "$(BUILT_PRODUCTS_DIR)/DYZB.app/DYZB";
			};
			name = Release;
		};
		AA52251D2BB164330090ADE9 /* Debug */ = {
			isa = XCBuildConfiguration;
			buildSettings = {
				ALWAYS_EMBED_SWIFT_STANDARD_LIBRARIES = YES;
				CODE_SIGN_STYLE = Automatic;
				CURRENT_PROJECT_VERSION = 1;
				DEVELOPMENT_TEAM = M2Q6NU3N5F;
				GENERATE_INFOPLIST_FILE = YES;
				LD_RUNPATH_SEARCH_PATHS = (
					"$(inherited)",
					"@executable_path/Frameworks",
					"@loader_path/Frameworks",
				);
				MARKETING_VERSION = 1.0;
				PRODUCT_BUNDLE_IDENTIFIER = YN.DYZBUITests;
				PRODUCT_NAME = "$(TARGET_NAME)";
				SWIFT_EMIT_LOC_STRINGS = NO;
				SWIFT_VERSION = 5.0;
				TARGETED_DEVICE_FAMILY = "1,2";
				TEST_TARGET_NAME = DYZB;
			};
			name = Debug;
		};
		AA52251E2BB164330090ADE9 /* Release */ = {
			isa = XCBuildConfiguration;
			buildSettings = {
				ALWAYS_EMBED_SWIFT_STANDARD_LIBRARIES = YES;
				CODE_SIGN_STYLE = Automatic;
				CURRENT_PROJECT_VERSION = 1;
				DEVELOPMENT_TEAM = M2Q6NU3N5F;
				GENERATE_INFOPLIST_FILE = YES;
				LD_RUNPATH_SEARCH_PATHS = (
					"$(inherited)",
					"@executable_path/Frameworks",
					"@loader_path/Frameworks",
				);
				MARKETING_VERSION = 1.0;
				PRODUCT_BUNDLE_IDENTIFIER = YN.DYZBUITests;
				PRODUCT_NAME = "$(TARGET_NAME)";
				SWIFT_EMIT_LOC_STRINGS = NO;
				SWIFT_VERSION = 5.0;
				TARGETED_DEVICE_FAMILY = "1,2";
				TEST_TARGET_NAME = DYZB;
			};
			name = Release;
		};
/* End XCBuildConfiguration section */

/* Begin XCConfigurationList section */
		AA5224E72BB1642D0090ADE9 /* Build configuration list for PBXProject "DYZB" */ = {
			isa = XCConfigurationList;
			buildConfigurations = (
				AA5225142BB164330090ADE9 /* Debug */,
				AA5225152BB164330090ADE9 /* Release */,
			);
			defaultConfigurationIsVisible = 0;
			defaultConfigurationName = Release;
		};
		AA5225162BB164330090ADE9 /* Build configuration list for PBXNativeTarget "DYZB" */ = {
			isa = XCConfigurationList;
			buildConfigurations = (
				AA5225172BB164330090ADE9 /* Debug */,
				AA5225182BB164330090ADE9 /* Release */,
			);
			defaultConfigurationIsVisible = 0;
			defaultConfigurationName = Release;
		};
		AA5225192BB164330090ADE9 /* Build configuration list for PBXNativeTarget "DYZBTests" */ = {
			isa = XCConfigurationList;
			buildConfigurations = (
				AA52251A2BB164330090ADE9 /* Debug */,
				AA52251B2BB164330090ADE9 /* Release */,
			);
			defaultConfigurationIsVisible = 0;
			defaultConfigurationName = Release;
		};
		AA52251C2BB164330090ADE9 /* Build configuration list for PBXNativeTarget "DYZBUITests" */ = {
			isa = XCConfigurationList;
			buildConfigurations = (
				AA52251D2BB164330090ADE9 /* Debug */,
				AA52251E2BB164330090ADE9 /* Release */,
			);
			defaultConfigurationIsVisible = 0;
			defaultConfigurationName = Release;
		};
/* End XCConfigurationList section */
	};
	rootObject = AA5224E42BB1642D0090ADE9 /* Project object */;
}
